// !$*UTF8*$!
{
	archiveVersion = 1;
	classes = {
	};
	objectVersion = 56;
	objects = {

/* Begin PBXBuildFile section */
		4F1244722A3223EA00663361 /* CodableCartStore.swift in Sources */ = {isa = PBXBuildFile; fileRef = 4F1244712A3223EA00663361 /* CodableCartStore.swift */; };
		4F18DE372A2F6D4D008E369B /* ProductsViewModel.swift in Sources */ = {isa = PBXBuildFile; fileRef = 4F18DE362A2F6D4D008E369B /* ProductsViewModel.swift */; };
		4F18DE3A2A2F7226008E369B /* ProductsUIComposer.swift in Sources */ = {isa = PBXBuildFile; fileRef = 4F18DE392A2F7226008E369B /* ProductsUIComposer.swift */; };
		4F18DE3C2A2F79BD008E369B /* ProductCellController.swift in Sources */ = {isa = PBXBuildFile; fileRef = 4F18DE3B2A2F79BD008E369B /* ProductCellController.swift */; };
		4F18DE402A2F830E008E369B /* Products.storyboard in Resources */ = {isa = PBXBuildFile; fileRef = 4F18DE3F2A2F830E008E369B /* Products.storyboard */; };
		4F18DE422A2FA3E5008E369B /* ProductCellViewModel.swift in Sources */ = {isa = PBXBuildFile; fileRef = 4F18DE412A2FA3E5008E369B /* ProductCellViewModel.swift */; };
		4F242CDF2A30297D0093EB4A /* CartItem.swift in Sources */ = {isa = PBXBuildFile; fileRef = 4F242CDE2A30297D0093EB4A /* CartItem.swift */; };
		4F242CE22A302AC90093EB4A /* CartCache.swift in Sources */ = {isa = PBXBuildFile; fileRef = 4F242CE12A302AC90093EB4A /* CartCache.swift */; };
		4F242CE52A302DD40093EB4A /* LocalCartLoaderTests.swift in Sources */ = {isa = PBXBuildFile; fileRef = 4F242CE42A302DD40093EB4A /* LocalCartLoaderTests.swift */; };
		4F2B8F072A2BAD91000B1F6D /* AleloStore.framework in Frameworks */ = {isa = PBXBuildFile; fileRef = 4F2B8EFE2A2BAD91000B1F6D /* AleloStore.framework */; };
		4F350A5B2A315D89001F57CA /* CodableCartStoreTests.swift in Sources */ = {isa = PBXBuildFile; fileRef = 4F350A5A2A315D89001F57CA /* CodableCartStoreTests.swift */; };
		4F350A5E2A31696B001F57CA /* SharedTestHelpers.swift in Sources */ = {isa = PBXBuildFile; fileRef = 4F350A5D2A31696B001F57CA /* SharedTestHelpers.swift */; };
		4F350A602A316A1C001F57CA /* CartStoreSpy.swift in Sources */ = {isa = PBXBuildFile; fileRef = 4F350A5F2A316A1C001F57CA /* CartStoreSpy.swift */; };
		4F350A622A316A60001F57CA /* CartCacheTestHelpers.swift in Sources */ = {isa = PBXBuildFile; fileRef = 4F350A612A316A60001F57CA /* CartCacheTestHelpers.swift */; };
		4F69E5A12A2EAF4500D701A3 /* ProductCell.swift in Sources */ = {isa = PBXBuildFile; fileRef = 4F69E5A02A2EAF4500D701A3 /* ProductCell.swift */; };
		4F704CB92A2EA63C00E05741 /* ProductsViewController.swift in Sources */ = {isa = PBXBuildFile; fileRef = 4F704CB82A2EA63C00E05741 /* ProductsViewController.swift */; };
		4F7F77012A2E970C0057F4FD /* ProductsViewControllerTests.swift in Sources */ = {isa = PBXBuildFile; fileRef = 4F7F77002A2E970C0057F4FD /* ProductsViewControllerTests.swift */; };
		4F7F77032A2E99B20057F4FD /* AleloStore.framework in Frameworks */ = {isa = PBXBuildFile; fileRef = 4F2B8EFE2A2BAD91000B1F6D /* AleloStore.framework */; platformFilter = ios; };
		4F7F77042A2E99B20057F4FD /* AleloStore.framework in Embed Frameworks */ = {isa = PBXBuildFile; fileRef = 4F2B8EFE2A2BAD91000B1F6D /* AleloStore.framework */; platformFilter = ios; settings = {ATTRIBUTES = (CodeSignOnCopy, RemoveHeadersOnCopy, ); }; };
		4F7F77082A2E9B410057F4FD /* XCTestCase+MemoryLeakTracking.swift in Sources */ = {isa = PBXBuildFile; fileRef = 4FF4192E2A2C2CCF00E186A9 /* XCTestCase+MemoryLeakTracking.swift */; };
		4F8698E12A2BFCEB006807C0 /* URLSessionHTTPClientTests.swift in Sources */ = {isa = PBXBuildFile; fileRef = 4F8698E02A2BFCEB006807C0 /* URLSessionHTTPClientTests.swift */; };
		4F93FF2D2A2BB262008F0BF0 /* Product.swift in Sources */ = {isa = PBXBuildFile; fileRef = 4F93FF2C2A2BB262008F0BF0 /* Product.swift */; };
		4F93FF2F2A2BB31C008F0BF0 /* ProductSize.swift in Sources */ = {isa = PBXBuildFile; fileRef = 4F93FF2E2A2BB31C008F0BF0 /* ProductSize.swift */; };
		4F93FF3B2A2BB691008F0BF0 /* ProductsLoader.swift in Sources */ = {isa = PBXBuildFile; fileRef = 4F93FF3A2A2BB691008F0BF0 /* ProductsLoader.swift */; };
		4F93FF3E2A2BB7EC008F0BF0 /* RemoteProductsLoaderTests.swift in Sources */ = {isa = PBXBuildFile; fileRef = 4F93FF3D2A2BB7EC008F0BF0 /* RemoteProductsLoaderTests.swift */; };
		4F93FF412A2BBF6F008F0BF0 /* RemoteProductsLoader.swift in Sources */ = {isa = PBXBuildFile; fileRef = 4F93FF402A2BBF6F008F0BF0 /* RemoteProductsLoader.swift */; };
		4F9953492A2D40690038594E /* URLSessionHTTPClient.swift in Sources */ = {isa = PBXBuildFile; fileRef = 4F9953482A2D40690038594E /* URLSessionHTTPClient.swift */; };
		4F9F3D012A2BE5DF004134E5 /* HTTPClient.swift in Sources */ = {isa = PBXBuildFile; fileRef = 4F9F3D002A2BE5DF004134E5 /* HTTPClient.swift */; };
		4F9F3D032A2BE654004134E5 /* ProductsMapper.swift in Sources */ = {isa = PBXBuildFile; fileRef = 4F9F3D022A2BE654004134E5 /* ProductsMapper.swift */; };
		4FC63D832A2ECDE10051807E /* UIView+Shimmering.swift in Sources */ = {isa = PBXBuildFile; fileRef = 4FC63D822A2ECDE10051807E /* UIView+Shimmering.swift */; };
		4FC7A0742A2EDD2500F68ADC /* ProductImageDataLoader.swift in Sources */ = {isa = PBXBuildFile; fileRef = 4FC7A0732A2EDD2500F68ADC /* ProductImageDataLoader.swift */; };
		4FC7A07A2A2EDE2000F68ADC /* UIImage+TestHelpers.swift in Sources */ = {isa = PBXBuildFile; fileRef = 4FC7A0792A2EDE2000F68ADC /* UIImage+TestHelpers.swift */; };
		4FC7A07C2A2EDED400F68ADC /* ProductCell+TestHelpers.swift in Sources */ = {isa = PBXBuildFile; fileRef = 4FC7A07B2A2EDED400F68ADC /* ProductCell+TestHelpers.swift */; };
		4FC7A07E2A2EDF2B00F68ADC /* UIRefreshControl+TestHelpers.swift in Sources */ = {isa = PBXBuildFile; fileRef = 4FC7A07D2A2EDF2B00F68ADC /* UIRefreshControl+TestHelpers.swift */; };
		4FC7A0802A2EDF4F00F68ADC /* ProductsViewController+TestHelpers.swift in Sources */ = {isa = PBXBuildFile; fileRef = 4FC7A07F2A2EDF4F00F68ADC /* ProductsViewController+TestHelpers.swift */; };
		4FC7A0822A2EDFC800F68ADC /* ProductsViewControllerTests+LoaderSpy.swift in Sources */ = {isa = PBXBuildFile; fileRef = 4FC7A0812A2EDFC800F68ADC /* ProductsViewControllerTests+LoaderSpy.swift */; };
		4FCE36FE2A30DCED005C7FDC /* LocalCartLoader.swift in Sources */ = {isa = PBXBuildFile; fileRef = 4FCE36FD2A30DCED005C7FDC /* LocalCartLoader.swift */; };
		4FCE37002A30DD81005C7FDC /* CartStore.swift in Sources */ = {isa = PBXBuildFile; fileRef = 4FCE36FF2A30DD81005C7FDC /* CartStore.swift */; };
		4FCE37022A310D14005C7FDC /* LocalCartItem.swift in Sources */ = {isa = PBXBuildFile; fileRef = 4FCE37012A310D14005C7FDC /* LocalCartItem.swift */; };
		4FCE37042A310D24005C7FDC /* LocalProduct.swift in Sources */ = {isa = PBXBuildFile; fileRef = 4FCE37032A310D24005C7FDC /* LocalProduct.swift */; };
		4FCE37062A310D2A005C7FDC /* LocalProductSize.swift in Sources */ = {isa = PBXBuildFile; fileRef = 4FCE37052A310D2A005C7FDC /* LocalProductSize.swift */; };
		4FF4192F2A2C2CCF00E186A9 /* XCTestCase+MemoryLeakTracking.swift in Sources */ = {isa = PBXBuildFile; fileRef = 4FF4192E2A2C2CCF00E186A9 /* XCTestCase+MemoryLeakTracking.swift */; };
		4FFC290D2A2D508F003C20CB /* AleloStoreAPIEndToEndTests.swift in Sources */ = {isa = PBXBuildFile; fileRef = 4FFC290C2A2D508F003C20CB /* AleloStoreAPIEndToEndTests.swift */; };
		4FFC290E2A2D508F003C20CB /* AleloStore.framework in Frameworks */ = {isa = PBXBuildFile; fileRef = 4F2B8EFE2A2BAD91000B1F6D /* AleloStore.framework */; };
		4FFC29142A2D602B003C20CB /* XCTestCase+MemoryLeakTracking.swift in Sources */ = {isa = PBXBuildFile; fileRef = 4FF4192E2A2C2CCF00E186A9 /* XCTestCase+MemoryLeakTracking.swift */; };
		4FFC29272A2E5245003C20CB /* AleloStoreiOS.framework in Frameworks */ = {isa = PBXBuildFile; fileRef = 4FFC291F2A2E5244003C20CB /* AleloStoreiOS.framework */; };
/* End PBXBuildFile section */

/* Begin PBXContainerItemProxy section */
		4F2B8F082A2BAD91000B1F6D /* PBXContainerItemProxy */ = {
			isa = PBXContainerItemProxy;
			containerPortal = 4F2B8EF52A2BAD91000B1F6D /* Project object */;
			proxyType = 1;
			remoteGlobalIDString = 4F2B8EFD2A2BAD91000B1F6D;
			remoteInfo = AleloStore;
		};
		4F7F77052A2E99B20057F4FD /* PBXContainerItemProxy */ = {
			isa = PBXContainerItemProxy;
			containerPortal = 4F2B8EF52A2BAD91000B1F6D /* Project object */;
			proxyType = 1;
			remoteGlobalIDString = 4F2B8EFD2A2BAD91000B1F6D;
			remoteInfo = AleloStore;
		};
		4FFC290F2A2D508F003C20CB /* PBXContainerItemProxy */ = {
			isa = PBXContainerItemProxy;
			containerPortal = 4F2B8EF52A2BAD91000B1F6D /* Project object */;
			proxyType = 1;
			remoteGlobalIDString = 4F2B8EFD2A2BAD91000B1F6D;
			remoteInfo = AleloStore;
		};
		4FFC29282A2E5245003C20CB /* PBXContainerItemProxy */ = {
			isa = PBXContainerItemProxy;
			containerPortal = 4F2B8EF52A2BAD91000B1F6D /* Project object */;
			proxyType = 1;
			remoteGlobalIDString = 4FFC291E2A2E5244003C20CB;
			remoteInfo = AleloStoreiOS;
		};
/* End PBXContainerItemProxy section */

/* Begin PBXCopyFilesBuildPhase section */
		4F7F77072A2E99B20057F4FD /* Embed Frameworks */ = {
			isa = PBXCopyFilesBuildPhase;
			buildActionMask = 2147483647;
			dstPath = "";
			dstSubfolderSpec = 10;
			files = (
				4F7F77042A2E99B20057F4FD /* AleloStore.framework in Embed Frameworks */,
			);
			name = "Embed Frameworks";
			runOnlyForDeploymentPostprocessing = 0;
		};
/* End PBXCopyFilesBuildPhase section */

/* Begin PBXFileReference section */
		4F1244712A3223EA00663361 /* CodableCartStore.swift */ = {isa = PBXFileReference; lastKnownFileType = sourcecode.swift; path = CodableCartStore.swift; sourceTree = "<group>"; };
		4F18DE362A2F6D4D008E369B /* ProductsViewModel.swift */ = {isa = PBXFileReference; lastKnownFileType = sourcecode.swift; path = ProductsViewModel.swift; sourceTree = "<group>"; };
		4F18DE392A2F7226008E369B /* ProductsUIComposer.swift */ = {isa = PBXFileReference; lastKnownFileType = sourcecode.swift; path = ProductsUIComposer.swift; sourceTree = "<group>"; };
		4F18DE3B2A2F79BD008E369B /* ProductCellController.swift */ = {isa = PBXFileReference; lastKnownFileType = sourcecode.swift; path = ProductCellController.swift; sourceTree = "<group>"; };
		4F18DE3F2A2F830E008E369B /* Products.storyboard */ = {isa = PBXFileReference; lastKnownFileType = file.storyboard; path = Products.storyboard; sourceTree = "<group>"; };
		4F18DE412A2FA3E5008E369B /* ProductCellViewModel.swift */ = {isa = PBXFileReference; lastKnownFileType = sourcecode.swift; path = ProductCellViewModel.swift; sourceTree = "<group>"; };
		4F242CDE2A30297D0093EB4A /* CartItem.swift */ = {isa = PBXFileReference; lastKnownFileType = sourcecode.swift; path = CartItem.swift; sourceTree = "<group>"; };
		4F242CE12A302AC90093EB4A /* CartCache.swift */ = {isa = PBXFileReference; lastKnownFileType = sourcecode.swift; path = CartCache.swift; sourceTree = "<group>"; };
		4F242CE42A302DD40093EB4A /* LocalCartLoaderTests.swift */ = {isa = PBXFileReference; lastKnownFileType = sourcecode.swift; path = LocalCartLoaderTests.swift; sourceTree = "<group>"; };
		4F2B8EFE2A2BAD91000B1F6D /* AleloStore.framework */ = {isa = PBXFileReference; explicitFileType = wrapper.framework; includeInIndex = 0; path = AleloStore.framework; sourceTree = BUILT_PRODUCTS_DIR; };
		4F2B8F062A2BAD91000B1F6D /* AleloStoreTests.xctest */ = {isa = PBXFileReference; explicitFileType = wrapper.cfbundle; includeInIndex = 0; path = AleloStoreTests.xctest; sourceTree = BUILT_PRODUCTS_DIR; };
		4F350A5A2A315D89001F57CA /* CodableCartStoreTests.swift */ = {isa = PBXFileReference; lastKnownFileType = sourcecode.swift; path = CodableCartStoreTests.swift; sourceTree = "<group>"; };
		4F350A5D2A31696B001F57CA /* SharedTestHelpers.swift */ = {isa = PBXFileReference; lastKnownFileType = sourcecode.swift; path = SharedTestHelpers.swift; sourceTree = "<group>"; };
		4F350A5F2A316A1C001F57CA /* CartStoreSpy.swift */ = {isa = PBXFileReference; lastKnownFileType = sourcecode.swift; path = CartStoreSpy.swift; sourceTree = "<group>"; };
		4F350A612A316A60001F57CA /* CartCacheTestHelpers.swift */ = {isa = PBXFileReference; lastKnownFileType = sourcecode.swift; path = CartCacheTestHelpers.swift; sourceTree = "<group>"; };
		4F69E5A02A2EAF4500D701A3 /* ProductCell.swift */ = {isa = PBXFileReference; lastKnownFileType = sourcecode.swift; path = ProductCell.swift; sourceTree = "<group>"; };
		4F704CB82A2EA63C00E05741 /* ProductsViewController.swift */ = {isa = PBXFileReference; lastKnownFileType = sourcecode.swift; path = ProductsViewController.swift; sourceTree = "<group>"; };
		4F7F77002A2E970C0057F4FD /* ProductsViewControllerTests.swift */ = {isa = PBXFileReference; lastKnownFileType = sourcecode.swift; path = ProductsViewControllerTests.swift; sourceTree = "<group>"; };
		4F8490F52A2E71AF0079A4D8 /* CI_iOS.xctestplan */ = {isa = PBXFileReference; lastKnownFileType = text; name = CI_iOS.xctestplan; path = "Test Plans/CI_iOS.xctestplan"; sourceTree = SOURCE_ROOT; };
		4F8698E02A2BFCEB006807C0 /* URLSessionHTTPClientTests.swift */ = {isa = PBXFileReference; lastKnownFileType = sourcecode.swift; path = URLSessionHTTPClientTests.swift; sourceTree = "<group>"; };
		4F93FF2C2A2BB262008F0BF0 /* Product.swift */ = {isa = PBXFileReference; lastKnownFileType = sourcecode.swift; path = Product.swift; sourceTree = "<group>"; };
		4F93FF2E2A2BB31C008F0BF0 /* ProductSize.swift */ = {isa = PBXFileReference; lastKnownFileType = sourcecode.swift; path = ProductSize.swift; sourceTree = "<group>"; };
		4F93FF3A2A2BB691008F0BF0 /* ProductsLoader.swift */ = {isa = PBXFileReference; lastKnownFileType = sourcecode.swift; path = ProductsLoader.swift; sourceTree = "<group>"; };
		4F93FF3D2A2BB7EC008F0BF0 /* RemoteProductsLoaderTests.swift */ = {isa = PBXFileReference; lastKnownFileType = sourcecode.swift; path = RemoteProductsLoaderTests.swift; sourceTree = "<group>"; };
		4F93FF402A2BBF6F008F0BF0 /* RemoteProductsLoader.swift */ = {isa = PBXFileReference; lastKnownFileType = sourcecode.swift; path = RemoteProductsLoader.swift; sourceTree = "<group>"; };
		4F9953482A2D40690038594E /* URLSessionHTTPClient.swift */ = {isa = PBXFileReference; lastKnownFileType = sourcecode.swift; path = URLSessionHTTPClient.swift; sourceTree = "<group>"; };
		4F9F3D002A2BE5DF004134E5 /* HTTPClient.swift */ = {isa = PBXFileReference; lastKnownFileType = sourcecode.swift; path = HTTPClient.swift; sourceTree = "<group>"; };
		4F9F3D022A2BE654004134E5 /* ProductsMapper.swift */ = {isa = PBXFileReference; lastKnownFileType = sourcecode.swift; path = ProductsMapper.swift; sourceTree = "<group>"; };
		4FC63D822A2ECDE10051807E /* UIView+Shimmering.swift */ = {isa = PBXFileReference; lastKnownFileType = sourcecode.swift; path = "UIView+Shimmering.swift"; sourceTree = "<group>"; };
		4FC7A0732A2EDD2500F68ADC /* ProductImageDataLoader.swift */ = {isa = PBXFileReference; lastKnownFileType = sourcecode.swift; path = ProductImageDataLoader.swift; sourceTree = "<group>"; };
		4FC7A0792A2EDE2000F68ADC /* UIImage+TestHelpers.swift */ = {isa = PBXFileReference; lastKnownFileType = sourcecode.swift; path = "UIImage+TestHelpers.swift"; sourceTree = "<group>"; };
		4FC7A07B2A2EDED400F68ADC /* ProductCell+TestHelpers.swift */ = {isa = PBXFileReference; lastKnownFileType = sourcecode.swift; path = "ProductCell+TestHelpers.swift"; sourceTree = "<group>"; };
		4FC7A07D2A2EDF2B00F68ADC /* UIRefreshControl+TestHelpers.swift */ = {isa = PBXFileReference; lastKnownFileType = sourcecode.swift; path = "UIRefreshControl+TestHelpers.swift"; sourceTree = "<group>"; };
		4FC7A07F2A2EDF4F00F68ADC /* ProductsViewController+TestHelpers.swift */ = {isa = PBXFileReference; lastKnownFileType = sourcecode.swift; path = "ProductsViewController+TestHelpers.swift"; sourceTree = "<group>"; };
		4FC7A0812A2EDFC800F68ADC /* ProductsViewControllerTests+LoaderSpy.swift */ = {isa = PBXFileReference; lastKnownFileType = sourcecode.swift; path = "ProductsViewControllerTests+LoaderSpy.swift"; sourceTree = "<group>"; };
		4FCE36FD2A30DCED005C7FDC /* LocalCartLoader.swift */ = {isa = PBXFileReference; lastKnownFileType = sourcecode.swift; path = LocalCartLoader.swift; sourceTree = "<group>"; };
		4FCE36FF2A30DD81005C7FDC /* CartStore.swift */ = {isa = PBXFileReference; lastKnownFileType = sourcecode.swift; path = CartStore.swift; sourceTree = "<group>"; };
		4FCE37012A310D14005C7FDC /* LocalCartItem.swift */ = {isa = PBXFileReference; lastKnownFileType = sourcecode.swift; path = LocalCartItem.swift; sourceTree = "<group>"; };
		4FCE37032A310D24005C7FDC /* LocalProduct.swift */ = {isa = PBXFileReference; lastKnownFileType = sourcecode.swift; path = LocalProduct.swift; sourceTree = "<group>"; };
		4FCE37052A310D2A005C7FDC /* LocalProductSize.swift */ = {isa = PBXFileReference; lastKnownFileType = sourcecode.swift; path = LocalProductSize.swift; sourceTree = "<group>"; };
		4FF4192E2A2C2CCF00E186A9 /* XCTestCase+MemoryLeakTracking.swift */ = {isa = PBXFileReference; lastKnownFileType = sourcecode.swift; path = "XCTestCase+MemoryLeakTracking.swift"; sourceTree = "<group>"; };
		4FFC290A2A2D508F003C20CB /* AleloStoreAPIEndToEndTests.xctest */ = {isa = PBXFileReference; explicitFileType = wrapper.cfbundle; includeInIndex = 0; path = AleloStoreAPIEndToEndTests.xctest; sourceTree = BUILT_PRODUCTS_DIR; };
		4FFC290C2A2D508F003C20CB /* AleloStoreAPIEndToEndTests.swift */ = {isa = PBXFileReference; lastKnownFileType = sourcecode.swift; path = AleloStoreAPIEndToEndTests.swift; sourceTree = "<group>"; };
		4FFC29172A2D6684003C20CB /* AleloStoreUnitTests.xctestplan */ = {isa = PBXFileReference; lastKnownFileType = text; name = AleloStoreUnitTests.xctestplan; path = "Test Plans/AleloStoreUnitTests.xctestplan"; sourceTree = SOURCE_ROOT; };
		4FFC29182A2D66B9003C20CB /* AleloStoreAPIEndToEndTests.xctestplan */ = {isa = PBXFileReference; lastKnownFileType = text; name = AleloStoreAPIEndToEndTests.xctestplan; path = "Test Plans/AleloStoreAPIEndToEndTests.xctestplan"; sourceTree = SOURCE_ROOT; };
		4FFC29192A2D67AB003C20CB /* CI_macOS.xctestplan */ = {isa = PBXFileReference; lastKnownFileType = text; name = CI_macOS.xctestplan; path = "Test Plans/CI_macOS.xctestplan"; sourceTree = SOURCE_ROOT; };
		4FFC291F2A2E5244003C20CB /* AleloStoreiOS.framework */ = {isa = PBXFileReference; explicitFileType = wrapper.framework; includeInIndex = 0; path = AleloStoreiOS.framework; sourceTree = BUILT_PRODUCTS_DIR; };
		4FFC29262A2E5244003C20CB /* AleloStoreiOSTests.xctest */ = {isa = PBXFileReference; explicitFileType = wrapper.cfbundle; includeInIndex = 0; path = AleloStoreiOSTests.xctest; sourceTree = BUILT_PRODUCTS_DIR; };
		4FFC29342A2E5342003C20CB /* AleloStoreiOS.xctestplan */ = {isa = PBXFileReference; lastKnownFileType = text; name = AleloStoreiOS.xctestplan; path = "Test Plans/AleloStoreiOS.xctestplan"; sourceTree = SOURCE_ROOT; };
/* End PBXFileReference section */

/* Begin PBXFrameworksBuildPhase section */
		4F2B8EFB2A2BAD91000B1F6D /* Frameworks */ = {
			isa = PBXFrameworksBuildPhase;
			buildActionMask = 2147483647;
			files = (
			);
			runOnlyForDeploymentPostprocessing = 0;
		};
		4F2B8F032A2BAD91000B1F6D /* Frameworks */ = {
			isa = PBXFrameworksBuildPhase;
			buildActionMask = 2147483647;
			files = (
				4F2B8F072A2BAD91000B1F6D /* AleloStore.framework in Frameworks */,
			);
			runOnlyForDeploymentPostprocessing = 0;
		};
		4FFC29072A2D508F003C20CB /* Frameworks */ = {
			isa = PBXFrameworksBuildPhase;
			buildActionMask = 2147483647;
			files = (
				4FFC290E2A2D508F003C20CB /* AleloStore.framework in Frameworks */,
			);
			runOnlyForDeploymentPostprocessing = 0;
		};
		4FFC291C2A2E5244003C20CB /* Frameworks */ = {
			isa = PBXFrameworksBuildPhase;
			buildActionMask = 2147483647;
			files = (
				4F7F77032A2E99B20057F4FD /* AleloStore.framework in Frameworks */,
			);
			runOnlyForDeploymentPostprocessing = 0;
		};
		4FFC29232A2E5244003C20CB /* Frameworks */ = {
			isa = PBXFrameworksBuildPhase;
			buildActionMask = 2147483647;
			files = (
				4FFC29272A2E5245003C20CB /* AleloStoreiOS.framework in Frameworks */,
			);
			runOnlyForDeploymentPostprocessing = 0;
		};
/* End PBXFrameworksBuildPhase section */

/* Begin PBXGroup section */
		4F18DE352A2F6D43008E369B /* Models */ = {
			isa = PBXGroup;
			children = (
				4F18DE362A2F6D4D008E369B /* ProductsViewModel.swift */,
				4F18DE412A2FA3E5008E369B /* ProductCellViewModel.swift */,
			);
			path = Models;
			sourceTree = "<group>";
		};
		4F18DE382A2F720B008E369B /* Composers */ = {
			isa = PBXGroup;
			children = (
				4F18DE392A2F7226008E369B /* ProductsUIComposer.swift */,
			);
			path = Composers;
			sourceTree = "<group>";
		};
		4F242CDD2A30287F0093EB4A /* Cart Feature */ = {
			isa = PBXGroup;
			children = (
				4F242CDE2A30297D0093EB4A /* CartItem.swift */,
				4F242CE12A302AC90093EB4A /* CartCache.swift */,
			);
			path = "Cart Feature";
			sourceTree = "<group>";
		};
		4F242CE02A302AA90093EB4A /* Cart Cache */ = {
			isa = PBXGroup;
			children = (
				4FCE36FD2A30DCED005C7FDC /* LocalCartLoader.swift */,
				4FCE36FF2A30DD81005C7FDC /* CartStore.swift */,
				4F1244712A3223EA00663361 /* CodableCartStore.swift */,
				4FCE37012A310D14005C7FDC /* LocalCartItem.swift */,
				4FCE37032A310D24005C7FDC /* LocalProduct.swift */,
				4FCE37052A310D2A005C7FDC /* LocalProductSize.swift */,
			);
			path = "Cart Cache";
			sourceTree = "<group>";
		};
		4F242CE32A302B110093EB4A /* Cart Cache */ = {
			isa = PBXGroup;
			children = (
				4F350A5C2A316917001F57CA /* Helpers */,
				4F242CE42A302DD40093EB4A /* LocalCartLoaderTests.swift */,
				4F350A5A2A315D89001F57CA /* CodableCartStoreTests.swift */,
			);
			path = "Cart Cache";
			sourceTree = "<group>";
		};
		4F2B8EF42A2BAD91000B1F6D = {
			isa = PBXGroup;
			children = (
				4FFC29052A2D4B69003C20CB /* Test Plans */,
				4F2B8F002A2BAD91000B1F6D /* AleloStore */,
				4F2B8F0A2A2BAD91000B1F6D /* AleloStoreTests */,
				4FFC290B2A2D508F003C20CB /* AleloStoreAPIEndToEndTests */,
				4FFC29202A2E5244003C20CB /* AleloStoreiOS */,
				4FFC292A2A2E5245003C20CB /* AleloStoreiOSTests */,
				4F2B8EFF2A2BAD91000B1F6D /* Products */,
				4F7F77022A2E99B20057F4FD /* Frameworks */,
			);
			sourceTree = "<group>";
		};
		4F2B8EFF2A2BAD91000B1F6D /* Products */ = {
			isa = PBXGroup;
			children = (
				4F2B8EFE2A2BAD91000B1F6D /* AleloStore.framework */,
				4F2B8F062A2BAD91000B1F6D /* AleloStoreTests.xctest */,
				4FFC290A2A2D508F003C20CB /* AleloStoreAPIEndToEndTests.xctest */,
				4FFC291F2A2E5244003C20CB /* AleloStoreiOS.framework */,
				4FFC29262A2E5244003C20CB /* AleloStoreiOSTests.xctest */,
			);
			name = Products;
			sourceTree = "<group>";
		};
		4F2B8F002A2BAD91000B1F6D /* AleloStore */ = {
			isa = PBXGroup;
			children = (
				4F242CDD2A30287F0093EB4A /* Cart Feature */,
				4F242CE02A302AA90093EB4A /* Cart Cache */,
				4F93FF3C2A2BB737008F0BF0 /* Products Feature */,
				4F93FF3F2A2BBF4D008F0BF0 /* Products API */,
			);
			path = AleloStore;
			sourceTree = "<group>";
		};
		4F2B8F0A2A2BAD91000B1F6D /* AleloStoreTests */ = {
			isa = PBXGroup;
			children = (
				4FF4192D2A2C2CA800E186A9 /* Helpers */,
				4F242CE32A302B110093EB4A /* Cart Cache */,
				4F8698DE2A2BF26B006807C0 /* Products API */,
			);
			path = AleloStoreTests;
			sourceTree = "<group>";
		};
		4F350A5C2A316917001F57CA /* Helpers */ = {
			isa = PBXGroup;
			children = (
				4F350A5F2A316A1C001F57CA /* CartStoreSpy.swift */,
				4F350A612A316A60001F57CA /* CartCacheTestHelpers.swift */,
			);
			path = Helpers;
			sourceTree = "<group>";
		};
		4F7F77022A2E99B20057F4FD /* Frameworks */ = {
			isa = PBXGroup;
			children = (
			);
			name = Frameworks;
			sourceTree = "<group>";
		};
		4F8698DE2A2BF26B006807C0 /* Products API */ = {
			isa = PBXGroup;
			children = (
				4F93FF3D2A2BB7EC008F0BF0 /* RemoteProductsLoaderTests.swift */,
				4F8698E02A2BFCEB006807C0 /* URLSessionHTTPClientTests.swift */,
			);
			path = "Products API";
			sourceTree = "<group>";
		};
		4F93FF3C2A2BB737008F0BF0 /* Products Feature */ = {
			isa = PBXGroup;
			children = (
				4F93FF2C2A2BB262008F0BF0 /* Product.swift */,
				4F93FF2E2A2BB31C008F0BF0 /* ProductSize.swift */,
				4F93FF3A2A2BB691008F0BF0 /* ProductsLoader.swift */,
			);
			path = "Products Feature";
			sourceTree = "<group>";
		};
		4F93FF3F2A2BBF4D008F0BF0 /* Products API */ = {
			isa = PBXGroup;
			children = (
				4F93FF402A2BBF6F008F0BF0 /* RemoteProductsLoader.swift */,
				4F9F3D022A2BE654004134E5 /* ProductsMapper.swift */,
				4F9F3D002A2BE5DF004134E5 /* HTTPClient.swift */,
				4F9953482A2D40690038594E /* URLSessionHTTPClient.swift */,
			);
			path = "Products API";
			sourceTree = "<group>";
		};
		4FC7A0722A2EDD0800F68ADC /* Product Image Loader */ = {
			isa = PBXGroup;
			children = (
				4FC7A0732A2EDD2500F68ADC /* ProductImageDataLoader.swift */,
			);
			path = "Product Image Loader";
			sourceTree = "<group>";
		};
		4FC7A0752A2EDD4900F68ADC /* Products UI */ = {
			isa = PBXGroup;
			children = (
				4F18DE382A2F720B008E369B /* Composers */,
				4F18DE352A2F6D43008E369B /* Models */,
				4FC7A0762A2EDD5F00F68ADC /* Controllers */,
				4FC7A0772A2EDD6A00F68ADC /* Views */,
			);
			path = "Products UI";
			sourceTree = "<group>";
		};
		4FC7A0762A2EDD5F00F68ADC /* Controllers */ = {
			isa = PBXGroup;
			children = (
				4F704CB82A2EA63C00E05741 /* ProductsViewController.swift */,
				4F18DE3B2A2F79BD008E369B /* ProductCellController.swift */,
			);
			path = Controllers;
			sourceTree = "<group>";
		};
		4FC7A0772A2EDD6A00F68ADC /* Views */ = {
			isa = PBXGroup;
			children = (
				4F69E5A02A2EAF4500D701A3 /* ProductCell.swift */,
				4FC63D822A2ECDE10051807E /* UIView+Shimmering.swift */,
				4F18DE3F2A2F830E008E369B /* Products.storyboard */,
			);
			path = Views;
			sourceTree = "<group>";
		};
		4FC7A0782A2EDDF500F68ADC /* Helpers */ = {
			isa = PBXGroup;
			children = (
				4FC7A0792A2EDE2000F68ADC /* UIImage+TestHelpers.swift */,
				4FC7A07B2A2EDED400F68ADC /* ProductCell+TestHelpers.swift */,
				4FC7A07F2A2EDF4F00F68ADC /* ProductsViewController+TestHelpers.swift */,
				4FC7A07D2A2EDF2B00F68ADC /* UIRefreshControl+TestHelpers.swift */,
				4FC7A0812A2EDFC800F68ADC /* ProductsViewControllerTests+LoaderSpy.swift */,
			);
			path = Helpers;
			sourceTree = "<group>";
		};
		4FF4192D2A2C2CA800E186A9 /* Helpers */ = {
			isa = PBXGroup;
			children = (
				4FF4192E2A2C2CCF00E186A9 /* XCTestCase+MemoryLeakTracking.swift */,
				4F350A5D2A31696B001F57CA /* SharedTestHelpers.swift */,
			);
			path = Helpers;
			sourceTree = "<group>";
		};
		4FFC29052A2D4B69003C20CB /* Test Plans */ = {
			isa = PBXGroup;
			children = (
				4FFC29172A2D6684003C20CB /* AleloStoreUnitTests.xctestplan */,
				4FFC29342A2E5342003C20CB /* AleloStoreiOS.xctestplan */,
				4FFC29182A2D66B9003C20CB /* AleloStoreAPIEndToEndTests.xctestplan */,
				4FFC29192A2D67AB003C20CB /* CI_macOS.xctestplan */,
				4F8490F52A2E71AF0079A4D8 /* CI_iOS.xctestplan */,
			);
			path = "Test Plans";
			sourceTree = "<group>";
		};
		4FFC290B2A2D508F003C20CB /* AleloStoreAPIEndToEndTests */ = {
			isa = PBXGroup;
			children = (
				4FFC290C2A2D508F003C20CB /* AleloStoreAPIEndToEndTests.swift */,
			);
			path = AleloStoreAPIEndToEndTests;
			sourceTree = "<group>";
		};
		4FFC29202A2E5244003C20CB /* AleloStoreiOS */ = {
			isa = PBXGroup;
			children = (
				4FC7A0722A2EDD0800F68ADC /* Product Image Loader */,
				4FC7A0752A2EDD4900F68ADC /* Products UI */,
			);
			path = AleloStoreiOS;
			sourceTree = "<group>";
		};
		4FFC292A2A2E5245003C20CB /* AleloStoreiOSTests */ = {
			isa = PBXGroup;
			children = (
				4FC7A0782A2EDDF500F68ADC /* Helpers */,
				4F7F77002A2E970C0057F4FD /* ProductsViewControllerTests.swift */,
			);
			path = AleloStoreiOSTests;
			sourceTree = "<group>";
		};
/* End PBXGroup section */

/* Begin PBXHeadersBuildPhase section */
		4F2B8EF92A2BAD91000B1F6D /* Headers */ = {
			isa = PBXHeadersBuildPhase;
			buildActionMask = 2147483647;
			files = (
			);
			runOnlyForDeploymentPostprocessing = 0;
		};
		4FFC291A2A2E5244003C20CB /* Headers */ = {
			isa = PBXHeadersBuildPhase;
			buildActionMask = 2147483647;
			files = (
			);
			runOnlyForDeploymentPostprocessing = 0;
		};
/* End PBXHeadersBuildPhase section */

/* Begin PBXNativeTarget section */
		4F2B8EFD2A2BAD91000B1F6D /* AleloStore */ = {
			isa = PBXNativeTarget;
			buildConfigurationList = 4F2B8F102A2BAD91000B1F6D /* Build configuration list for PBXNativeTarget "AleloStore" */;
			buildPhases = (
				4F2B8EF92A2BAD91000B1F6D /* Headers */,
				4F2B8EFA2A2BAD91000B1F6D /* Sources */,
				4F2B8EFB2A2BAD91000B1F6D /* Frameworks */,
				4F2B8EFC2A2BAD91000B1F6D /* Resources */,
			);
			buildRules = (
			);
			dependencies = (
			);
			name = AleloStore;
			productName = AleloStore;
			productReference = 4F2B8EFE2A2BAD91000B1F6D /* AleloStore.framework */;
			productType = "com.apple.product-type.framework";
		};
		4F2B8F052A2BAD91000B1F6D /* AleloStoreTests */ = {
			isa = PBXNativeTarget;
			buildConfigurationList = 4F2B8F132A2BAD91000B1F6D /* Build configuration list for PBXNativeTarget "AleloStoreTests" */;
			buildPhases = (
				4F2B8F022A2BAD91000B1F6D /* Sources */,
				4F2B8F032A2BAD91000B1F6D /* Frameworks */,
				4F2B8F042A2BAD91000B1F6D /* Resources */,
			);
			buildRules = (
			);
			dependencies = (
				4F2B8F092A2BAD91000B1F6D /* PBXTargetDependency */,
			);
			name = AleloStoreTests;
			productName = AleloStoreTests;
			productReference = 4F2B8F062A2BAD91000B1F6D /* AleloStoreTests.xctest */;
			productType = "com.apple.product-type.bundle.unit-test";
		};
		4FFC29092A2D508F003C20CB /* AleloStoreAPIEndToEndTests */ = {
			isa = PBXNativeTarget;
			buildConfigurationList = 4FFC29112A2D508F003C20CB /* Build configuration list for PBXNativeTarget "AleloStoreAPIEndToEndTests" */;
			buildPhases = (
				4FFC29062A2D508F003C20CB /* Sources */,
				4FFC29072A2D508F003C20CB /* Frameworks */,
				4FFC29082A2D508F003C20CB /* Resources */,
			);
			buildRules = (
			);
			dependencies = (
				4FFC29102A2D508F003C20CB /* PBXTargetDependency */,
			);
			name = AleloStoreAPIEndToEndTests;
			productName = AleloStoreAPIEndToEndTests;
			productReference = 4FFC290A2A2D508F003C20CB /* AleloStoreAPIEndToEndTests.xctest */;
			productType = "com.apple.product-type.bundle.unit-test";
		};
		4FFC291E2A2E5244003C20CB /* AleloStoreiOS */ = {
			isa = PBXNativeTarget;
			buildConfigurationList = 4FFC292E2A2E5245003C20CB /* Build configuration list for PBXNativeTarget "AleloStoreiOS" */;
			buildPhases = (
				4FFC291A2A2E5244003C20CB /* Headers */,
				4FFC291B2A2E5244003C20CB /* Sources */,
				4FFC291C2A2E5244003C20CB /* Frameworks */,
				4FFC291D2A2E5244003C20CB /* Resources */,
				4F7F77072A2E99B20057F4FD /* Embed Frameworks */,
			);
			buildRules = (
			);
			dependencies = (
				4F7F77062A2E99B20057F4FD /* PBXTargetDependency */,
			);
			name = AleloStoreiOS;
			productName = AleloStoreiOS;
			productReference = 4FFC291F2A2E5244003C20CB /* AleloStoreiOS.framework */;
			productType = "com.apple.product-type.framework";
		};
		4FFC29252A2E5244003C20CB /* AleloStoreiOSTests */ = {
			isa = PBXNativeTarget;
			buildConfigurationList = 4FFC29312A2E5245003C20CB /* Build configuration list for PBXNativeTarget "AleloStoreiOSTests" */;
			buildPhases = (
				4FFC29222A2E5244003C20CB /* Sources */,
				4FFC29232A2E5244003C20CB /* Frameworks */,
				4FFC29242A2E5244003C20CB /* Resources */,
			);
			buildRules = (
			);
			dependencies = (
				4FFC29292A2E5245003C20CB /* PBXTargetDependency */,
			);
			name = AleloStoreiOSTests;
			productName = AleloStoreiOSTests;
			productReference = 4FFC29262A2E5244003C20CB /* AleloStoreiOSTests.xctest */;
			productType = "com.apple.product-type.bundle.unit-test";
		};
/* End PBXNativeTarget section */

/* Begin PBXProject section */
		4F2B8EF52A2BAD91000B1F6D /* Project object */ = {
			isa = PBXProject;
			attributes = {
				BuildIndependentTargetsInParallel = 1;
				LastSwiftUpdateCheck = 1430;
				LastUpgradeCheck = 1430;
				TargetAttributes = {
					4F2B8EFD2A2BAD91000B1F6D = {
						CreatedOnToolsVersion = 14.3;
						LastSwiftMigration = 1430;
					};
					4F2B8F052A2BAD91000B1F6D = {
						CreatedOnToolsVersion = 14.3;
					};
					4FFC29092A2D508F003C20CB = {
						CreatedOnToolsVersion = 14.3;
					};
					4FFC291E2A2E5244003C20CB = {
						CreatedOnToolsVersion = 14.3;
						LastSwiftMigration = 1430;
					};
					4FFC29252A2E5244003C20CB = {
						CreatedOnToolsVersion = 14.3;
					};
				};
			};
			buildConfigurationList = 4F2B8EF82A2BAD91000B1F6D /* Build configuration list for PBXProject "AleloStore" */;
			compatibilityVersion = "Xcode 14.0";
			developmentRegion = en;
			hasScannedForEncodings = 0;
			knownRegions = (
				en,
				Base,
			);
			mainGroup = 4F2B8EF42A2BAD91000B1F6D;
			productRefGroup = 4F2B8EFF2A2BAD91000B1F6D /* Products */;
			projectDirPath = "";
			projectRoot = "";
			targets = (
				4F2B8EFD2A2BAD91000B1F6D /* AleloStore */,
				4F2B8F052A2BAD91000B1F6D /* AleloStoreTests */,
				4FFC29092A2D508F003C20CB /* AleloStoreAPIEndToEndTests */,
				4FFC291E2A2E5244003C20CB /* AleloStoreiOS */,
				4FFC29252A2E5244003C20CB /* AleloStoreiOSTests */,
			);
		};
/* End PBXProject section */

/* Begin PBXResourcesBuildPhase section */
		4F2B8EFC2A2BAD91000B1F6D /* Resources */ = {
			isa = PBXResourcesBuildPhase;
			buildActionMask = 2147483647;
			files = (
			);
			runOnlyForDeploymentPostprocessing = 0;
		};
		4F2B8F042A2BAD91000B1F6D /* Resources */ = {
			isa = PBXResourcesBuildPhase;
			buildActionMask = 2147483647;
			files = (
			);
			runOnlyForDeploymentPostprocessing = 0;
		};
		4FFC29082A2D508F003C20CB /* Resources */ = {
			isa = PBXResourcesBuildPhase;
			buildActionMask = 2147483647;
			files = (
			);
			runOnlyForDeploymentPostprocessing = 0;
		};
		4FFC291D2A2E5244003C20CB /* Resources */ = {
			isa = PBXResourcesBuildPhase;
			buildActionMask = 2147483647;
			files = (
				4F18DE402A2F830E008E369B /* Products.storyboard in Resources */,
			);
			runOnlyForDeploymentPostprocessing = 0;
		};
		4FFC29242A2E5244003C20CB /* Resources */ = {
			isa = PBXResourcesBuildPhase;
			buildActionMask = 2147483647;
			files = (
			);
			runOnlyForDeploymentPostprocessing = 0;
		};
/* End PBXResourcesBuildPhase section */

/* Begin PBXSourcesBuildPhase section */
		4F2B8EFA2A2BAD91000B1F6D /* Sources */ = {
			isa = PBXSourcesBuildPhase;
			buildActionMask = 2147483647;
			files = (
				4F9953492A2D40690038594E /* URLSessionHTTPClient.swift in Sources */,
				4F93FF412A2BBF6F008F0BF0 /* RemoteProductsLoader.swift in Sources */,
				4F242CDF2A30297D0093EB4A /* CartItem.swift in Sources */,
				4F242CE22A302AC90093EB4A /* CartCache.swift in Sources */,
				4F9F3D012A2BE5DF004134E5 /* HTTPClient.swift in Sources */,
				4F93FF2F2A2BB31C008F0BF0 /* ProductSize.swift in Sources */,
				4FCE37042A310D24005C7FDC /* LocalProduct.swift in Sources */,
				4FCE37002A30DD81005C7FDC /* CartStore.swift in Sources */,
				4FCE36FE2A30DCED005C7FDC /* LocalCartLoader.swift in Sources */,
				4F93FF2D2A2BB262008F0BF0 /* Product.swift in Sources */,
				4F9F3D032A2BE654004134E5 /* ProductsMapper.swift in Sources */,
				4FCE37022A310D14005C7FDC /* LocalCartItem.swift in Sources */,
				4FCE37062A310D2A005C7FDC /* LocalProductSize.swift in Sources */,
				4F93FF3B2A2BB691008F0BF0 /* ProductsLoader.swift in Sources */,
				4F1244722A3223EA00663361 /* CodableCartStore.swift in Sources */,
			);
			runOnlyForDeploymentPostprocessing = 0;
		};
		4F2B8F022A2BAD91000B1F6D /* Sources */ = {
			isa = PBXSourcesBuildPhase;
			buildActionMask = 2147483647;
			files = (
				4F242CE52A302DD40093EB4A /* LocalCartLoaderTests.swift in Sources */,
				4F350A602A316A1C001F57CA /* CartStoreSpy.swift in Sources */,
				4F93FF3E2A2BB7EC008F0BF0 /* RemoteProductsLoaderTests.swift in Sources */,
				4F350A5E2A31696B001F57CA /* SharedTestHelpers.swift in Sources */,
				4F8698E12A2BFCEB006807C0 /* URLSessionHTTPClientTests.swift in Sources */,
				4FF4192F2A2C2CCF00E186A9 /* XCTestCase+MemoryLeakTracking.swift in Sources */,
				4F350A622A316A60001F57CA /* CartCacheTestHelpers.swift in Sources */,
				4F350A5B2A315D89001F57CA /* CodableCartStoreTests.swift in Sources */,
			);
			runOnlyForDeploymentPostprocessing = 0;
		};
		4FFC29062A2D508F003C20CB /* Sources */ = {
			isa = PBXSourcesBuildPhase;
			buildActionMask = 2147483647;
			files = (
				4FFC290D2A2D508F003C20CB /* AleloStoreAPIEndToEndTests.swift in Sources */,
				4FFC29142A2D602B003C20CB /* XCTestCase+MemoryLeakTracking.swift in Sources */,
			);
			runOnlyForDeploymentPostprocessing = 0;
		};
		4FFC291B2A2E5244003C20CB /* Sources */ = {
			isa = PBXSourcesBuildPhase;
			buildActionMask = 2147483647;
			files = (
				4FC7A0742A2EDD2500F68ADC /* ProductImageDataLoader.swift in Sources */,
				4F18DE3A2A2F7226008E369B /* ProductsUIComposer.swift in Sources */,
				4F18DE422A2FA3E5008E369B /* ProductCellViewModel.swift in Sources */,
				4FC63D832A2ECDE10051807E /* UIView+Shimmering.swift in Sources */,
				4F18DE3C2A2F79BD008E369B /* ProductCellController.swift in Sources */,
				4F704CB92A2EA63C00E05741 /* ProductsViewController.swift in Sources */,
				4F18DE372A2F6D4D008E369B /* ProductsViewModel.swift in Sources */,
				4F69E5A12A2EAF4500D701A3 /* ProductCell.swift in Sources */,
			);
			runOnlyForDeploymentPostprocessing = 0;
		};
		4FFC29222A2E5244003C20CB /* Sources */ = {
			isa = PBXSourcesBuildPhase;
			buildActionMask = 2147483647;
			files = (
				4FC7A0822A2EDFC800F68ADC /* ProductsViewControllerTests+LoaderSpy.swift in Sources */,
				4F7F77012A2E970C0057F4FD /* ProductsViewControllerTests.swift in Sources */,
				4FC7A07E2A2EDF2B00F68ADC /* UIRefreshControl+TestHelpers.swift in Sources */,
				4FC7A0802A2EDF4F00F68ADC /* ProductsViewController+TestHelpers.swift in Sources */,
				4F7F77082A2E9B410057F4FD /* XCTestCase+MemoryLeakTracking.swift in Sources */,
				4FC7A07A2A2EDE2000F68ADC /* UIImage+TestHelpers.swift in Sources */,
				4FC7A07C2A2EDED400F68ADC /* ProductCell+TestHelpers.swift in Sources */,
			);
			runOnlyForDeploymentPostprocessing = 0;
		};
/* End PBXSourcesBuildPhase section */

/* Begin PBXTargetDependency section */
		4F2B8F092A2BAD91000B1F6D /* PBXTargetDependency */ = {
			isa = PBXTargetDependency;
			target = 4F2B8EFD2A2BAD91000B1F6D /* AleloStore */;
			targetProxy = 4F2B8F082A2BAD91000B1F6D /* PBXContainerItemProxy */;
		};
		4F7F77062A2E99B20057F4FD /* PBXTargetDependency */ = {
			isa = PBXTargetDependency;
			platformFilter = ios;
			target = 4F2B8EFD2A2BAD91000B1F6D /* AleloStore */;
			targetProxy = 4F7F77052A2E99B20057F4FD /* PBXContainerItemProxy */;
		};
		4FFC29102A2D508F003C20CB /* PBXTargetDependency */ = {
			isa = PBXTargetDependency;
			target = 4F2B8EFD2A2BAD91000B1F6D /* AleloStore */;
			targetProxy = 4FFC290F2A2D508F003C20CB /* PBXContainerItemProxy */;
		};
		4FFC29292A2E5245003C20CB /* PBXTargetDependency */ = {
			isa = PBXTargetDependency;
			target = 4FFC291E2A2E5244003C20CB /* AleloStoreiOS */;
			targetProxy = 4FFC29282A2E5245003C20CB /* PBXContainerItemProxy */;
		};
/* End PBXTargetDependency section */

/* Begin XCBuildConfiguration section */
		4F2B8F0E2A2BAD91000B1F6D /* Debug */ = {
			isa = XCBuildConfiguration;
			buildSettings = {
				ALWAYS_SEARCH_USER_PATHS = NO;
				CLANG_ANALYZER_NONNULL = YES;
				CLANG_ANALYZER_NUMBER_OBJECT_CONVERSION = YES_AGGRESSIVE;
				CLANG_CXX_LANGUAGE_STANDARD = "gnu++20";
				CLANG_ENABLE_MODULES = YES;
				CLANG_ENABLE_OBJC_ARC = YES;
				CLANG_ENABLE_OBJC_WEAK = YES;
				CLANG_WARN_BLOCK_CAPTURE_AUTORELEASING = YES;
				CLANG_WARN_BOOL_CONVERSION = YES;
				CLANG_WARN_COMMA = YES;
				CLANG_WARN_CONSTANT_CONVERSION = YES;
				CLANG_WARN_DEPRECATED_OBJC_IMPLEMENTATIONS = YES;
				CLANG_WARN_DIRECT_OBJC_ISA_USAGE = YES_ERROR;
				CLANG_WARN_DOCUMENTATION_COMMENTS = YES;
				CLANG_WARN_EMPTY_BODY = YES;
				CLANG_WARN_ENUM_CONVERSION = YES;
				CLANG_WARN_INFINITE_RECURSION = YES;
				CLANG_WARN_INT_CONVERSION = YES;
				CLANG_WARN_NON_LITERAL_NULL_CONVERSION = YES;
				CLANG_WARN_OBJC_IMPLICIT_RETAIN_SELF = YES;
				CLANG_WARN_OBJC_LITERAL_CONVERSION = YES;
				CLANG_WARN_OBJC_ROOT_CLASS = YES_ERROR;
				CLANG_WARN_QUOTED_INCLUDE_IN_FRAMEWORK_HEADER = YES;
				CLANG_WARN_RANGE_LOOP_ANALYSIS = YES;
				CLANG_WARN_STRICT_PROTOTYPES = YES;
				CLANG_WARN_SUSPICIOUS_MOVE = YES;
				CLANG_WARN_UNGUARDED_AVAILABILITY = YES_AGGRESSIVE;
				CLANG_WARN_UNREACHABLE_CODE = YES;
				CLANG_WARN__DUPLICATE_METHOD_MATCH = YES;
				COPY_PHASE_STRIP = NO;
				CURRENT_PROJECT_VERSION = 1;
				DEBUG_INFORMATION_FORMAT = dwarf;
				ENABLE_STRICT_OBJC_MSGSEND = YES;
				ENABLE_TESTABILITY = YES;
				GCC_C_LANGUAGE_STANDARD = gnu11;
				GCC_DYNAMIC_NO_PIC = NO;
				GCC_NO_COMMON_BLOCKS = YES;
				GCC_OPTIMIZATION_LEVEL = 0;
				GCC_PREPROCESSOR_DEFINITIONS = (
					"DEBUG=1",
					"$(inherited)",
				);
				GCC_WARN_64_TO_32_BIT_CONVERSION = YES;
				GCC_WARN_ABOUT_RETURN_TYPE = YES_ERROR;
				GCC_WARN_UNDECLARED_SELECTOR = YES;
				GCC_WARN_UNINITIALIZED_AUTOS = YES_AGGRESSIVE;
				GCC_WARN_UNUSED_FUNCTION = YES;
				GCC_WARN_UNUSED_VARIABLE = YES;
				MACOSX_DEPLOYMENT_TARGET = 13.2;
				MTL_ENABLE_DEBUG_INFO = INCLUDE_SOURCE;
				MTL_FAST_MATH = YES;
				ONLY_ACTIVE_ARCH = YES;
				SDKROOT = macosx;
				SWIFT_ACTIVE_COMPILATION_CONDITIONS = DEBUG;
				SWIFT_OPTIMIZATION_LEVEL = "-Onone";
				VERSIONING_SYSTEM = "apple-generic";
				VERSION_INFO_PREFIX = "";
			};
			name = Debug;
		};
		4F2B8F0F2A2BAD91000B1F6D /* Release */ = {
			isa = XCBuildConfiguration;
			buildSettings = {
				ALWAYS_SEARCH_USER_PATHS = NO;
				CLANG_ANALYZER_NONNULL = YES;
				CLANG_ANALYZER_NUMBER_OBJECT_CONVERSION = YES_AGGRESSIVE;
				CLANG_CXX_LANGUAGE_STANDARD = "gnu++20";
				CLANG_ENABLE_MODULES = YES;
				CLANG_ENABLE_OBJC_ARC = YES;
				CLANG_ENABLE_OBJC_WEAK = YES;
				CLANG_WARN_BLOCK_CAPTURE_AUTORELEASING = YES;
				CLANG_WARN_BOOL_CONVERSION = YES;
				CLANG_WARN_COMMA = YES;
				CLANG_WARN_CONSTANT_CONVERSION = YES;
				CLANG_WARN_DEPRECATED_OBJC_IMPLEMENTATIONS = YES;
				CLANG_WARN_DIRECT_OBJC_ISA_USAGE = YES_ERROR;
				CLANG_WARN_DOCUMENTATION_COMMENTS = YES;
				CLANG_WARN_EMPTY_BODY = YES;
				CLANG_WARN_ENUM_CONVERSION = YES;
				CLANG_WARN_INFINITE_RECURSION = YES;
				CLANG_WARN_INT_CONVERSION = YES;
				CLANG_WARN_NON_LITERAL_NULL_CONVERSION = YES;
				CLANG_WARN_OBJC_IMPLICIT_RETAIN_SELF = YES;
				CLANG_WARN_OBJC_LITERAL_CONVERSION = YES;
				CLANG_WARN_OBJC_ROOT_CLASS = YES_ERROR;
				CLANG_WARN_QUOTED_INCLUDE_IN_FRAMEWORK_HEADER = YES;
				CLANG_WARN_RANGE_LOOP_ANALYSIS = YES;
				CLANG_WARN_STRICT_PROTOTYPES = YES;
				CLANG_WARN_SUSPICIOUS_MOVE = YES;
				CLANG_WARN_UNGUARDED_AVAILABILITY = YES_AGGRESSIVE;
				CLANG_WARN_UNREACHABLE_CODE = YES;
				CLANG_WARN__DUPLICATE_METHOD_MATCH = YES;
				COPY_PHASE_STRIP = NO;
				CURRENT_PROJECT_VERSION = 1;
				DEBUG_INFORMATION_FORMAT = "dwarf-with-dsym";
				ENABLE_NS_ASSERTIONS = NO;
				ENABLE_STRICT_OBJC_MSGSEND = YES;
				GCC_C_LANGUAGE_STANDARD = gnu11;
				GCC_NO_COMMON_BLOCKS = YES;
				GCC_WARN_64_TO_32_BIT_CONVERSION = YES;
				GCC_WARN_ABOUT_RETURN_TYPE = YES_ERROR;
				GCC_WARN_UNDECLARED_SELECTOR = YES;
				GCC_WARN_UNINITIALIZED_AUTOS = YES_AGGRESSIVE;
				GCC_WARN_UNUSED_FUNCTION = YES;
				GCC_WARN_UNUSED_VARIABLE = YES;
				MACOSX_DEPLOYMENT_TARGET = 13.2;
				MTL_ENABLE_DEBUG_INFO = NO;
				MTL_FAST_MATH = YES;
				SDKROOT = macosx;
				SWIFT_COMPILATION_MODE = wholemodule;
				SWIFT_OPTIMIZATION_LEVEL = "-O";
				VERSIONING_SYSTEM = "apple-generic";
				VERSION_INFO_PREFIX = "";
			};
			name = Release;
		};
		4F2B8F112A2BAD91000B1F6D /* Debug */ = {
			isa = XCBuildConfiguration;
			buildSettings = {
				CLANG_ENABLE_MODULES = YES;
				CODE_SIGN_STYLE = Automatic;
				COMBINE_HIDPI_IMAGES = YES;
				CURRENT_PROJECT_VERSION = 1;
				DEFINES_MODULE = YES;
				DEVELOPMENT_TEAM = TF59LXWJ93;
				DYLIB_COMPATIBILITY_VERSION = 1;
				DYLIB_CURRENT_VERSION = 1;
				DYLIB_INSTALL_NAME_BASE = "@rpath";
				ENABLE_MODULE_VERIFIER = YES;
				GENERATE_INFOPLIST_FILE = YES;
				INFOPLIST_KEY_NSHumanReadableCopyright = "";
				INSTALL_PATH = "$(LOCAL_LIBRARY_DIR)/Frameworks";
				LD_RUNPATH_SEARCH_PATHS = (
					"$(inherited)",
					"@executable_path/../Frameworks",
					"@loader_path/Frameworks",
				);
				MACOSX_DEPLOYMENT_TARGET = 13.2;
				MARKETING_VERSION = 1.0;
				MODULE_VERIFIER_SUPPORTED_LANGUAGES = "objective-c objective-c++";
				MODULE_VERIFIER_SUPPORTED_LANGUAGE_STANDARDS = "gnu11 gnu++20";
				PRODUCT_BUNDLE_IDENTIFIER = br.com.alelo.AleloStore;
				PRODUCT_NAME = "$(TARGET_NAME:c99extidentifier)";
				SKIP_INSTALL = YES;
				SUPPORTED_PLATFORMS = "macosx iphonesimulator iphoneos";
				SWIFT_EMIT_LOC_STRINGS = YES;
				SWIFT_OPTIMIZATION_LEVEL = "-Onone";
				SWIFT_VERSION = 5.0;
			};
			name = Debug;
		};
		4F2B8F122A2BAD91000B1F6D /* Release */ = {
			isa = XCBuildConfiguration;
			buildSettings = {
				CLANG_ENABLE_MODULES = YES;
				CODE_SIGN_STYLE = Automatic;
				COMBINE_HIDPI_IMAGES = YES;
				CURRENT_PROJECT_VERSION = 1;
				DEFINES_MODULE = YES;
				DEVELOPMENT_TEAM = TF59LXWJ93;
				DYLIB_COMPATIBILITY_VERSION = 1;
				DYLIB_CURRENT_VERSION = 1;
				DYLIB_INSTALL_NAME_BASE = "@rpath";
				ENABLE_MODULE_VERIFIER = YES;
				GENERATE_INFOPLIST_FILE = YES;
				INFOPLIST_KEY_NSHumanReadableCopyright = "";
				INSTALL_PATH = "$(LOCAL_LIBRARY_DIR)/Frameworks";
				LD_RUNPATH_SEARCH_PATHS = (
					"$(inherited)",
					"@executable_path/../Frameworks",
					"@loader_path/Frameworks",
				);
				MACOSX_DEPLOYMENT_TARGET = 13.2;
				MARKETING_VERSION = 1.0;
				MODULE_VERIFIER_SUPPORTED_LANGUAGES = "objective-c objective-c++";
				MODULE_VERIFIER_SUPPORTED_LANGUAGE_STANDARDS = "gnu11 gnu++20";
				PRODUCT_BUNDLE_IDENTIFIER = br.com.alelo.AleloStore;
				PRODUCT_NAME = "$(TARGET_NAME:c99extidentifier)";
				SKIP_INSTALL = YES;
				SUPPORTED_PLATFORMS = "macosx iphonesimulator iphoneos";
				SWIFT_EMIT_LOC_STRINGS = YES;
				SWIFT_VERSION = 5.0;
			};
			name = Release;
		};
		4F2B8F142A2BAD91000B1F6D /* Debug */ = {
			isa = XCBuildConfiguration;
			buildSettings = {
				ALWAYS_EMBED_SWIFT_STANDARD_LIBRARIES = YES;
				CODE_SIGN_STYLE = Automatic;
				CURRENT_PROJECT_VERSION = 1;
				DEVELOPMENT_TEAM = TF59LXWJ93;
				GENERATE_INFOPLIST_FILE = YES;
				MACOSX_DEPLOYMENT_TARGET = 13.2;
				MARKETING_VERSION = 1.0;
				PRODUCT_BUNDLE_IDENTIFIER = br.com.alelo.AleloStoreTests;
				PRODUCT_NAME = "$(TARGET_NAME)";
				SUPPORTED_PLATFORMS = "macosx iphoneos iphonesimulator";
				SWIFT_EMIT_LOC_STRINGS = NO;
				SWIFT_VERSION = 5.0;
			};
			name = Debug;
		};
		4F2B8F152A2BAD91000B1F6D /* Release */ = {
			isa = XCBuildConfiguration;
			buildSettings = {
				ALWAYS_EMBED_SWIFT_STANDARD_LIBRARIES = YES;
				CODE_SIGN_STYLE = Automatic;
				CURRENT_PROJECT_VERSION = 1;
				DEVELOPMENT_TEAM = TF59LXWJ93;
				GENERATE_INFOPLIST_FILE = YES;
				MACOSX_DEPLOYMENT_TARGET = 13.2;
				MARKETING_VERSION = 1.0;
				PRODUCT_BUNDLE_IDENTIFIER = br.com.alelo.AleloStoreTests;
				PRODUCT_NAME = "$(TARGET_NAME)";
				SUPPORTED_PLATFORMS = "macosx iphoneos iphonesimulator";
				SWIFT_EMIT_LOC_STRINGS = NO;
				SWIFT_VERSION = 5.0;
			};
			name = Release;
		};
		4FFC29122A2D508F003C20CB /* Debug */ = {
			isa = XCBuildConfiguration;
			buildSettings = {
				CODE_SIGN_STYLE = Automatic;
				CURRENT_PROJECT_VERSION = 1;
				DEVELOPMENT_TEAM = TF59LXWJ93;
				GENERATE_INFOPLIST_FILE = YES;
				MACOSX_DEPLOYMENT_TARGET = 13.2;
				MARKETING_VERSION = 1.0;
				PRODUCT_BUNDLE_IDENTIFIER = br.com.alelo.AleloStoreAPIEndToEndTests;
				PRODUCT_NAME = "$(TARGET_NAME)";
				SUPPORTED_PLATFORMS = "macosx iphoneos iphonesimulator";
				SWIFT_EMIT_LOC_STRINGS = NO;
				SWIFT_VERSION = 5.0;
			};
			name = Debug;
		};
		4FFC29132A2D508F003C20CB /* Release */ = {
			isa = XCBuildConfiguration;
			buildSettings = {
				CODE_SIGN_STYLE = Automatic;
				CURRENT_PROJECT_VERSION = 1;
				DEVELOPMENT_TEAM = TF59LXWJ93;
				GENERATE_INFOPLIST_FILE = YES;
				MACOSX_DEPLOYMENT_TARGET = 13.2;
				MARKETING_VERSION = 1.0;
				PRODUCT_BUNDLE_IDENTIFIER = br.com.alelo.AleloStoreAPIEndToEndTests;
				PRODUCT_NAME = "$(TARGET_NAME)";
				SUPPORTED_PLATFORMS = "macosx iphoneos iphonesimulator";
				SWIFT_EMIT_LOC_STRINGS = NO;
				SWIFT_VERSION = 5.0;
			};
			name = Release;
		};
		4FFC292F2A2E5245003C20CB /* Debug */ = {
			isa = XCBuildConfiguration;
			buildSettings = {
				CLANG_ENABLE_MODULES = YES;
				CODE_SIGN_STYLE = Automatic;
				CURRENT_PROJECT_VERSION = 1;
				DEFINES_MODULE = YES;
				DEVELOPMENT_TEAM = TF59LXWJ93;
				DYLIB_COMPATIBILITY_VERSION = 1;
				DYLIB_CURRENT_VERSION = 1;
				DYLIB_INSTALL_NAME_BASE = "@rpath";
				ENABLE_MODULE_VERIFIER = YES;
				GENERATE_INFOPLIST_FILE = YES;
				INFOPLIST_KEY_NSHumanReadableCopyright = "";
				INSTALL_PATH = "$(LOCAL_LIBRARY_DIR)/Frameworks";
				IPHONEOS_DEPLOYMENT_TARGET = 16.4;
				LD_RUNPATH_SEARCH_PATHS = (
					"$(inherited)",
					"@executable_path/Frameworks",
					"@loader_path/Frameworks",
				);
				MARKETING_VERSION = 1.0;
				MODULE_VERIFIER_SUPPORTED_LANGUAGES = "objective-c objective-c++";
				MODULE_VERIFIER_SUPPORTED_LANGUAGE_STANDARDS = "gnu11 gnu++20";
				PRODUCT_BUNDLE_IDENTIFIER = br.com.alelo.AleloStoreiOS;
				PRODUCT_NAME = "$(TARGET_NAME:c99extidentifier)";
				SDKROOT = iphoneos;
				SKIP_INSTALL = YES;
				SWIFT_EMIT_LOC_STRINGS = YES;
				SWIFT_OPTIMIZATION_LEVEL = "-Onone";
				SWIFT_VERSION = 5.0;
				TARGETED_DEVICE_FAMILY = "1,2";
			};
			name = Debug;
		};
		4FFC29302A2E5245003C20CB /* Release */ = {
			isa = XCBuildConfiguration;
			buildSettings = {
				CLANG_ENABLE_MODULES = YES;
				CODE_SIGN_STYLE = Automatic;
				CURRENT_PROJECT_VERSION = 1;
				DEFINES_MODULE = YES;
				DEVELOPMENT_TEAM = TF59LXWJ93;
				DYLIB_COMPATIBILITY_VERSION = 1;
				DYLIB_CURRENT_VERSION = 1;
				DYLIB_INSTALL_NAME_BASE = "@rpath";
				ENABLE_MODULE_VERIFIER = YES;
				GENERATE_INFOPLIST_FILE = YES;
				INFOPLIST_KEY_NSHumanReadableCopyright = "";
				INSTALL_PATH = "$(LOCAL_LIBRARY_DIR)/Frameworks";
				IPHONEOS_DEPLOYMENT_TARGET = 16.4;
				LD_RUNPATH_SEARCH_PATHS = (
					"$(inherited)",
					"@executable_path/Frameworks",
					"@loader_path/Frameworks",
				);
				MARKETING_VERSION = 1.0;
				MODULE_VERIFIER_SUPPORTED_LANGUAGES = "objective-c objective-c++";
				MODULE_VERIFIER_SUPPORTED_LANGUAGE_STANDARDS = "gnu11 gnu++20";
				PRODUCT_BUNDLE_IDENTIFIER = br.com.alelo.AleloStoreiOS;
				PRODUCT_NAME = "$(TARGET_NAME:c99extidentifier)";
				SDKROOT = iphoneos;
				SKIP_INSTALL = YES;
				SWIFT_EMIT_LOC_STRINGS = YES;
				SWIFT_VERSION = 5.0;
				TARGETED_DEVICE_FAMILY = "1,2";
				VALIDATE_PRODUCT = YES;
			};
			name = Release;
		};
		4FFC29322A2E5245003C20CB /* Debug */ = {
			isa = XCBuildConfiguration;
			buildSettings = {
				ALWAYS_EMBED_SWIFT_STANDARD_LIBRARIES = YES;
				CODE_SIGN_STYLE = Automatic;
				CURRENT_PROJECT_VERSION = 1;
				DEVELOPMENT_TEAM = TF59LXWJ93;
				GENERATE_INFOPLIST_FILE = YES;
				IPHONEOS_DEPLOYMENT_TARGET = 16.4;
				MARKETING_VERSION = 1.0;
				PRODUCT_BUNDLE_IDENTIFIER = br.com.alelo.AleloStoreiOSTests;
				PRODUCT_NAME = "$(TARGET_NAME)";
				SDKROOT = iphoneos;
				SWIFT_EMIT_LOC_STRINGS = NO;
				SWIFT_VERSION = 5.0;
				TARGETED_DEVICE_FAMILY = "1,2";
			};
			name = Debug;
		};
		4FFC29332A2E5245003C20CB /* Release */ = {
			isa = XCBuildConfiguration;
			buildSettings = {
				ALWAYS_EMBED_SWIFT_STANDARD_LIBRARIES = YES;
				CODE_SIGN_STYLE = Automatic;
				CURRENT_PROJECT_VERSION = 1;
				DEVELOPMENT_TEAM = TF59LXWJ93;
				GENERATE_INFOPLIST_FILE = YES;
				IPHONEOS_DEPLOYMENT_TARGET = 16.4;
				MARKETING_VERSION = 1.0;
				PRODUCT_BUNDLE_IDENTIFIER = br.com.alelo.AleloStoreiOSTests;
				PRODUCT_NAME = "$(TARGET_NAME)";
				SDKROOT = iphoneos;
				SWIFT_EMIT_LOC_STRINGS = NO;
				SWIFT_VERSION = 5.0;
				TARGETED_DEVICE_FAMILY = "1,2";
				VALIDATE_PRODUCT = YES;
			};
			name = Release;
		};
/* End XCBuildConfiguration section */

/* Begin XCConfigurationList section */
		4F2B8EF82A2BAD91000B1F6D /* Build configuration list for PBXProject "AleloStore" */ = {
			isa = XCConfigurationList;
			buildConfigurations = (
				4F2B8F0E2A2BAD91000B1F6D /* Debug */,
				4F2B8F0F2A2BAD91000B1F6D /* Release */,
			);
			defaultConfigurationIsVisible = 0;
			defaultConfigurationName = Release;
		};
		4F2B8F102A2BAD91000B1F6D /* Build configuration list for PBXNativeTarget "AleloStore" */ = {
			isa = XCConfigurationList;
			buildConfigurations = (
				4F2B8F112A2BAD91000B1F6D /* Debug */,
				4F2B8F122A2BAD91000B1F6D /* Release */,
			);
			defaultConfigurationIsVisible = 0;
			defaultConfigurationName = Release;
		};
		4F2B8F132A2BAD91000B1F6D /* Build configuration list for PBXNativeTarget "AleloStoreTests" */ = {
			isa = XCConfigurationList;
			buildConfigurations = (
				4F2B8F142A2BAD91000B1F6D /* Debug */,
				4F2B8F152A2BAD91000B1F6D /* Release */,
			);
			defaultConfigurationIsVisible = 0;
			defaultConfigurationName = Release;
		};
		4FFC29112A2D508F003C20CB /* Build configuration list for PBXNativeTarget "AleloStoreAPIEndToEndTests" */ = {
			isa = XCConfigurationList;
			buildConfigurations = (
				4FFC29122A2D508F003C20CB /* Debug */,
				4FFC29132A2D508F003C20CB /* Release */,
			);
			defaultConfigurationIsVisible = 0;
			defaultConfigurationName = Release;
		};
		4FFC292E2A2E5245003C20CB /* Build configuration list for PBXNativeTarget "AleloStoreiOS" */ = {
			isa = XCConfigurationList;
			buildConfigurations = (
				4FFC292F2A2E5245003C20CB /* Debug */,
				4FFC29302A2E5245003C20CB /* Release */,
			);
			defaultConfigurationIsVisible = 0;
			defaultConfigurationName = Release;
		};
		4FFC29312A2E5245003C20CB /* Build configuration list for PBXNativeTarget "AleloStoreiOSTests" */ = {
			isa = XCConfigurationList;
			buildConfigurations = (
				4FFC29322A2E5245003C20CB /* Debug */,
				4FFC29332A2E5245003C20CB /* Release */,
			);
			defaultConfigurationIsVisible = 0;
			defaultConfigurationName = Release;
		};
/* End XCConfigurationList section */
	};
	rootObject = 4F2B8EF52A2BAD91000B1F6D /* Project object */;
}
